<?xml version="1.0" encoding="utf-8"?>
<Project ToolsVersion="4.0" xmlns="http://schemas.microsoft.com/developer/msbuild/2003">
  <ItemGroup>
    <Filter Include="win32">
      <UniqueIdentifier>{84a8ebd7-7cf0-47f6-b75e-d441df67da40}</UniqueIdentifier>
    </Filter>
    <Filter Include="resource">
      <UniqueIdentifier>{715254bc-d70b-4ec5-bf29-467dd3ace079}</UniqueIdentifier>
    </Filter>
    <Filter Include="src">
      <UniqueIdentifier>{bb6c862e-70e9-49d9-81b7-3829a6f50471}</UniqueIdentifier>
    </Filter>
    <Filter Include="configs">
      <UniqueIdentifier>{e964dd98-7ae5-402f-a636-c885717a0a0f}</UniqueIdentifier>
    </Filter>
    <Filter Include="controllers">
      <UniqueIdentifier>{10de6239-dc6d-4153-b3f7-5e2f73a951c5}</UniqueIdentifier>
    </Filter>
    <Filter Include="managers">
      <UniqueIdentifier>{0d00ce0f-f739-484a-a3d1-338fb04a90b7}</UniqueIdentifier>
    </Filter>
    <Filter Include="models">
      <UniqueIdentifier>{5e082d61-ba9a-41f2-8b84-236a3df8bf7a}</UniqueIdentifier>
    </Filter>
    <Filter Include="utils">
      <UniqueIdentifier>{6ba1d7f6-9573-4d54-96e5-936fcadd7d01}</UniqueIdentifier>
    </Filter>
    <Filter Include="views">
      <UniqueIdentifier>{2b46ba5b-521a-408d-be09-34ce5f6a4224}</UniqueIdentifier>
    </Filter>
  </ItemGroup>
  <ItemGroup>
    <ClCompile Include="main.cpp">
      <Filter>win32</Filter>
    </ClCompile>
    <ClCompile Include="..\Classes\AppDelegate.cpp">
      <Filter>src</Filter>
    </ClCompile>
    <ClCompile Include="..\Classes\HelloWorldScene.cpp">
      <Filter>src</Filter>
    </ClCompile>
    <ClCompile Include="..\Classes\controllers\GameController.cpp">
      <Filter>controllers</Filter>
    </ClCompile>
    <ClCompile Include="..\Classes\models\GameModel.cpp">
      <Filter>models</Filter>
    </ClCompile>
    <ClCompile Include="..\Classes\views\CardView.cpp">
      <Filter>views</Filter>
    </ClCompile>
    <ClCompile Include="..\Classes\views\GameView.cpp">
      <Filter>views</Filter>
    </ClCompile>
    <ClCompile Include="..\Classes\configs\LevelConfig.cpp">
      <Filter>configs</Filter>
    </ClCompile>
    <ClCompile Include="..\Classes\configs\LevelConfigLoader.cpp">
      <Filter>configs</Filter>
    </ClCompile>
    <ClCompile Include="..\Classes\models\CardModel.cpp">
      <Filter>models</Filter>
    </ClCompile>
    <ClCompile Include="..\Classes\configs\CardResConfig.cpp">
      <Filter>configs</Filter>
    </ClCompile>
    <ClCompile Include="..\Classes\managers\UndoManager.cpp">
      <Filter>managers</Filter>
    </ClCompile>
    <ClCompile Include="..\Classes\utils\GameUtils.cpp">
      <Filter>utils</Filter>
    </ClCompile>
  </ItemGroup>
  <ItemGroup>
    <ClInclude Include="main.h">
      <Filter>win32</Filter>
    </ClInclude>
    <ClInclude Include="..\Classes\AppDelegate.h">
      <Filter>src</Filter>
    </ClInclude>
    <ClInclude Include="..\Classes\HelloWorldScene.h">
      <Filter>src</Filter>
    </ClInclude>
    <ClInclude Include="..\Classes\controllers\GameController.h">
      <Filter>controllers</Filter>
    </ClInclude>
    <ClInclude Include="..\Classes\models\GameModel.h">
      <Filter>models</Filter>
    </ClInclude>
    <ClInclude Include="..\Classes\views\GameView.h">
      <Filter>views</Filter>
    </ClInclude>
    <ClInclude Include="..\Classes\views\CardView.h">
      <Filter>views</Filter>
    </ClInclude>
    <ClInclude Include="..\Classes\utils\GameUtils.h">
      <Filter>utils</Filter>
    </ClInclude>
    <ClInclude Include="..\Classes\configs\LevelConfig.h">
      <Filter>configs</Filter>
    </ClInclude>
    <ClInclude Include="..\Classes\configs\LevelConfigLoader.h">
      <Filter>configs</Filter>
    </ClInclude>
    <ClInclude Include="..\Classes\controllers\CardController.h">
      <Filter>controllers</Filter>
    </ClInclude>
    <ClInclude Include="..\Classes\models\CardModel.h">
      <Filter>models</Filter>
    </ClInclude>
    <ClInclude Include="..\Classes\configs\CardResConfig.h">
      <Filter>configs</Filter>
    </ClInclude>
    <ClInclude Include="..\Classes\models\UndoModel.h">
      <Filter>models</Filter>
    </ClInclude>
    <ClInclude Include="..\Classes\managers\UndoManager.h">
      <Filter>managers</Filter>
    </ClInclude>
  </ItemGroup>
  <ItemGroup>
    <ResourceCompile Include="game.rc">
      <Filter>resource</Filter>
    </ResourceCompile>
  </ItemGroup>
</Project>